// !$*UTF8*$!
{
	archiveVersion = 1;
	classes = {
	};
	objectVersion = 56;
	objects = {

/* Begin PBXBuildFile section */
		412F2E852A0E7E2A00C052FB /* SDWebImage in Frameworks */ = {isa = PBXBuildFile; productRef = 412F2E842A0E7E2A00C052FB /* SDWebImage */; };
		412F2E882A0ECB8C00C052FB /* DetailViewController.swift in Sources */ = {isa = PBXBuildFile; fileRef = 412F2E872A0ECB8C00C052FB /* DetailViewController.swift */; };
		41455D5F2A118E2D004C795D /* NewsViewController.swift in Sources */ = {isa = PBXBuildFile; fileRef = 41455D5E2A118E2D004C795D /* NewsViewController.swift */; };
		41455D612A119295004C795D /* DynamicNewsCollectionViewCell.swift in Sources */ = {isa = PBXBuildFile; fileRef = 41455D602A119295004C795D /* DynamicNewsCollectionViewCell.swift */; };
		41455D632A125A65004C795D /* HeaderCollectionViewCell.swift in Sources */ = {isa = PBXBuildFile; fileRef = 41455D622A125A65004C795D /* HeaderCollectionViewCell.swift */; };
		41455D652A125C5E004C795D /* HeaderCollectionViewViewModel.swift in Sources */ = {isa = PBXBuildFile; fileRef = 41455D642A125C5E004C795D /* HeaderCollectionViewViewModel.swift */; };
		41CC5EF92A0CE04000FBC918 /* AppDelegate.swift in Sources */ = {isa = PBXBuildFile; fileRef = 41CC5EF82A0CE04000FBC918 /* AppDelegate.swift */; };
		41CC5EFB2A0CE04000FBC918 /* SceneDelegate.swift in Sources */ = {isa = PBXBuildFile; fileRef = 41CC5EFA2A0CE04000FBC918 /* SceneDelegate.swift */; };
		41CC5EFD2A0CE04000FBC918 /* ViewController.swift in Sources */ = {isa = PBXBuildFile; fileRef = 41CC5EFC2A0CE04000FBC918 /* ViewController.swift */; };
		41CC5F002A0CE04000FBC918 /* Main.storyboard in Resources */ = {isa = PBXBuildFile; fileRef = 41CC5EFE2A0CE04000FBC918 /* Main.storyboard */; };
		41CC5F032A0CE04000FBC918 /* MertAKBAS_HW2.xcdatamodeld in Sources */ = {isa = PBXBuildFile; fileRef = 41CC5F012A0CE04000FBC918 /* MertAKBAS_HW2.xcdatamodeld */; };
		41CC5F052A0CE04100FBC918 /* Assets.xcassets in Resources */ = {isa = PBXBuildFile; fileRef = 41CC5F042A0CE04100FBC918 /* Assets.xcassets */; };
		41CC5F082A0CE04100FBC918 /* LaunchScreen.storyboard in Resources */ = {isa = PBXBuildFile; fileRef = 41CC5F062A0CE04100FBC918 /* LaunchScreen.storyboard */; };
		41CC5F122A0D05C400FBC918 /* MertAKBAS_HW2API in Frameworks */ = {isa = PBXBuildFile; productRef = 41CC5F112A0D05C400FBC918 /* MertAKBAS_HW2API */; };
		41CC5F3C2A0D91D200FBC918 /* NewsViewModel.swift in Sources */ = {isa = PBXBuildFile; fileRef = 41CC5F3B2A0D91D200FBC918 /* NewsViewModel.swift */; };
		41CC5F3E2A0D923400FBC918 /* LoadingShowable.swift in Sources */ = {isa = PBXBuildFile; fileRef = 41CC5F3D2A0D923400FBC918 /* LoadingShowable.swift */; };
		41CC5F412A0D92B100FBC918 /* LoadingView.swift in Sources */ = {isa = PBXBuildFile; fileRef = 41CC5F402A0D92B100FBC918 /* LoadingView.swift */; };
		41CC5F442A0D953E00FBC918 /* NewsListCell.swift in Sources */ = {isa = PBXBuildFile; fileRef = 41CC5F422A0D953E00FBC918 /* NewsListCell.swift */; };
		41CC5F452A0D953E00FBC918 /* NewsListCell.xib in Resources */ = {isa = PBXBuildFile; fileRef = 41CC5F432A0D953E00FBC918 /* NewsListCell.xib */; };
		41CC5F472A0D959700FBC918 /* CollectionView+Extension.swift in Sources */ = {isa = PBXBuildFile; fileRef = 41CC5F462A0D959700FBC918 /* CollectionView+Extension.swift */; };
		41CC5F492A0D95C600FBC918 /* UICollectionViewCell+Extension.swift in Sources */ = {isa = PBXBuildFile; fileRef = 41CC5F482A0D95C600FBC918 /* UICollectionViewCell+Extension.swift */; };
/* End PBXBuildFile section */

/* Begin PBXFileReference section */
		412F2E872A0ECB8C00C052FB /* DetailViewController.swift */ = {isa = PBXFileReference; lastKnownFileType = sourcecode.swift; path = DetailViewController.swift; sourceTree = "<group>"; };
		41455D5E2A118E2D004C795D /* NewsViewController.swift */ = {isa = PBXFileReference; lastKnownFileType = sourcecode.swift; path = NewsViewController.swift; sourceTree = "<group>"; };
		41455D602A119295004C795D /* DynamicNewsCollectionViewCell.swift */ = {isa = PBXFileReference; lastKnownFileType = sourcecode.swift; path = DynamicNewsCollectionViewCell.swift; sourceTree = "<group>"; };
		41455D622A125A65004C795D /* HeaderCollectionViewCell.swift */ = {isa = PBXFileReference; lastKnownFileType = sourcecode.swift; path = HeaderCollectionViewCell.swift; sourceTree = "<group>"; };
		41455D642A125C5E004C795D /* HeaderCollectionViewViewModel.swift */ = {isa = PBXFileReference; lastKnownFileType = sourcecode.swift; path = HeaderCollectionViewViewModel.swift; sourceTree = "<group>"; };
		41CC5EF52A0CE04000FBC918 /* MertAKBAS_HW2.app */ = {isa = PBXFileReference; explicitFileType = wrapper.application; includeInIndex = 0; path = MertAKBAS_HW2.app; sourceTree = BUILT_PRODUCTS_DIR; };
		41CC5EF82A0CE04000FBC918 /* AppDelegate.swift */ = {isa = PBXFileReference; lastKnownFileType = sourcecode.swift; path = AppDelegate.swift; sourceTree = "<group>"; };
		41CC5EFA2A0CE04000FBC918 /* SceneDelegate.swift */ = {isa = PBXFileReference; lastKnownFileType = sourcecode.swift; path = SceneDelegate.swift; sourceTree = "<group>"; };
		41CC5EFC2A0CE04000FBC918 /* ViewController.swift */ = {isa = PBXFileReference; lastKnownFileType = sourcecode.swift; path = ViewController.swift; sourceTree = "<group>"; };
		41CC5EFF2A0CE04000FBC918 /* Base */ = {isa = PBXFileReference; lastKnownFileType = file.storyboard; name = Base; path = Base.lproj/Main.storyboard; sourceTree = "<group>"; };
		41CC5F022A0CE04000FBC918 /* MertAKBAS_HW2.xcdatamodel */ = {isa = PBXFileReference; lastKnownFileType = wrapper.xcdatamodel; path = MertAKBAS_HW2.xcdatamodel; sourceTree = "<group>"; };
		41CC5F042A0CE04100FBC918 /* Assets.xcassets */ = {isa = PBXFileReference; lastKnownFileType = folder.assetcatalog; path = Assets.xcassets; sourceTree = "<group>"; };
		41CC5F072A0CE04100FBC918 /* Base */ = {isa = PBXFileReference; lastKnownFileType = file.storyboard; name = Base; path = Base.lproj/LaunchScreen.storyboard; sourceTree = "<group>"; };
		41CC5F092A0CE04100FBC918 /* Info.plist */ = {isa = PBXFileReference; lastKnownFileType = text.plist.xml; path = Info.plist; sourceTree = "<group>"; };
		41CC5F0F2A0CE19E00FBC918 /* MertAKBAS_HW2API */ = {isa = PBXFileReference; lastKnownFileType = wrapper; name = MertAKBAS_HW2API; path = ../MertAKBAS_HW2API; sourceTree = "<group>"; };
		41CC5F3B2A0D91D200FBC918 /* NewsViewModel.swift */ = {isa = PBXFileReference; lastKnownFileType = sourcecode.swift; path = NewsViewModel.swift; sourceTree = "<group>"; };
		41CC5F3D2A0D923400FBC918 /* LoadingShowable.swift */ = {isa = PBXFileReference; lastKnownFileType = sourcecode.swift; path = LoadingShowable.swift; sourceTree = "<group>"; };
		41CC5F402A0D92B100FBC918 /* LoadingView.swift */ = {isa = PBXFileReference; lastKnownFileType = sourcecode.swift; path = LoadingView.swift; sourceTree = "<group>"; };
		41CC5F422A0D953E00FBC918 /* NewsListCell.swift */ = {isa = PBXFileReference; lastKnownFileType = sourcecode.swift; path = NewsListCell.swift; sourceTree = "<group>"; };
		41CC5F432A0D953E00FBC918 /* NewsListCell.xib */ = {isa = PBXFileReference; lastKnownFileType = file.xib; path = NewsListCell.xib; sourceTree = "<group>"; };
		41CC5F462A0D959700FBC918 /* CollectionView+Extension.swift */ = {isa = PBXFileReference; lastKnownFileType = sourcecode.swift; path = "CollectionView+Extension.swift"; sourceTree = "<group>"; };
		41CC5F482A0D95C600FBC918 /* UICollectionViewCell+Extension.swift */ = {isa = PBXFileReference; lastKnownFileType = sourcecode.swift; path = "UICollectionViewCell+Extension.swift"; sourceTree = "<group>"; };
/* End PBXFileReference section */

/* Begin PBXFrameworksBuildPhase section */
		41CC5EF22A0CE04000FBC918 /* Frameworks */ = {
			isa = PBXFrameworksBuildPhase;
			buildActionMask = 2147483647;
			files = (
				412F2E852A0E7E2A00C052FB /* SDWebImage in Frameworks */,
				41CC5F122A0D05C400FBC918 /* MertAKBAS_HW2API in Frameworks */,
			);
			runOnlyForDeploymentPostprocessing = 0;
		};
/* End PBXFrameworksBuildPhase section */

/* Begin PBXGroup section */
		412F2E862A0ECB3400C052FB /* DetailView */ = {
			isa = PBXGroup;
			children = (
				412F2E872A0ECB8C00C052FB /* DetailViewController.swift */,
			);
			path = DetailView;
			sourceTree = "<group>";
		};
		41CC5EEC2A0CE04000FBC918 = {
			isa = PBXGroup;
			children = (
				41CC5F0F2A0CE19E00FBC918 /* MertAKBAS_HW2API */,
				41CC5EF72A0CE04000FBC918 /* MertAKBAS_HW2 */,
				41CC5EF62A0CE04000FBC918 /* Products */,
				41CC5F102A0D05C400FBC918 /* Frameworks */,
			);
			sourceTree = "<group>";
		};
		41CC5EF62A0CE04000FBC918 /* Products */ = {
			isa = PBXGroup;
			children = (
				41CC5EF52A0CE04000FBC918 /* MertAKBAS_HW2.app */,
			);
			name = Products;
			sourceTree = "<group>";
		};
		41CC5EF72A0CE04000FBC918 /* MertAKBAS_HW2 */ = {
			isa = PBXGroup;
			children = (
				41CC5F392A0D90E100FBC918 /* Scenes */,
				41CC5F362A0D8ED600FBC918 /* ViewModel */,
				41CC5F352A0D8ECE00FBC918 /* Cells */,
				41CC5F342A0D8EC500FBC918 /* Utils */,
				41CC5F382A0D8FDA00FBC918 /* Extension */,
				41CC5F372A0D8EEE00FBC918 /* App */,
				41CC5EFE2A0CE04000FBC918 /* Main.storyboard */,
				41CC5F042A0CE04100FBC918 /* Assets.xcassets */,
				41CC5F062A0CE04100FBC918 /* LaunchScreen.storyboard */,
				41CC5F092A0CE04100FBC918 /* Info.plist */,
				41CC5F012A0CE04000FBC918 /* MertAKBAS_HW2.xcdatamodeld */,
			);
			path = MertAKBAS_HW2;
			sourceTree = "<group>";
		};
		41CC5F102A0D05C400FBC918 /* Frameworks */ = {
			isa = PBXGroup;
			children = (
			);
			name = Frameworks;
			sourceTree = "<group>";
		};
		41CC5F342A0D8EC500FBC918 /* Utils */ = {
			isa = PBXGroup;
			children = (
				41CC5F3D2A0D923400FBC918 /* LoadingShowable.swift */,
			);
			path = Utils;
			sourceTree = "<group>";
		};
		41CC5F352A0D8ECE00FBC918 /* Cells */ = {
			isa = PBXGroup;
			children = (
				41CC5F422A0D953E00FBC918 /* NewsListCell.swift */,
				41CC5F432A0D953E00FBC918 /* NewsListCell.xib */,
				41455D602A119295004C795D /* DynamicNewsCollectionViewCell.swift */,
				41455D622A125A65004C795D /* HeaderCollectionViewCell.swift */,
			);
			path = Cells;
			sourceTree = "<group>";
		};
		41CC5F362A0D8ED600FBC918 /* ViewModel */ = {
			isa = PBXGroup;
			children = (
			);
			path = ViewModel;
			sourceTree = "<group>";
		};
		41CC5F372A0D8EEE00FBC918 /* App */ = {
			isa = PBXGroup;
			children = (
				41CC5EF82A0CE04000FBC918 /* AppDelegate.swift */,
				41CC5EFA2A0CE04000FBC918 /* SceneDelegate.swift */,
			);
			path = App;
			sourceTree = "<group>";
		};
		41CC5F382A0D8FDA00FBC918 /* Extension */ = {
			isa = PBXGroup;
			children = (
				41CC5F462A0D959700FBC918 /* CollectionView+Extension.swift */,
				41CC5F482A0D95C600FBC918 /* UICollectionViewCell+Extension.swift */,
			);
			path = Extension;
			sourceTree = "<group>";
		};
		41CC5F392A0D90E100FBC918 /* Scenes */ = {
			isa = PBXGroup;
			children = (
				412F2E862A0ECB3400C052FB /* DetailView */,
				41CC5F3A2A0D911000FBC918 /* NewsList */,
				41CC5F3F2A0D929400FBC918 /* LoadingView */,
			);
			path = Scenes;
			sourceTree = "<group>";
		};
		41CC5F3A2A0D911000FBC918 /* NewsList */ = {
			isa = PBXGroup;
			children = (
				41CC5EFC2A0CE04000FBC918 /* ViewController.swift */,
				41CC5F3B2A0D91D200FBC918 /* NewsViewModel.swift */,
				41455D5E2A118E2D004C795D /* NewsViewController.swift */,
				41455D642A125C5E004C795D /* HeaderCollectionViewViewModel.swift */,
			);
			path = NewsList;
			sourceTree = "<group>";
		};
		41CC5F3F2A0D929400FBC918 /* LoadingView */ = {
			isa = PBXGroup;
			children = (
				41CC5F402A0D92B100FBC918 /* LoadingView.swift */,
			);
			path = LoadingView;
			sourceTree = "<group>";
		};
/* End PBXGroup section */

/* Begin PBXNativeTarget section */
		41CC5EF42A0CE04000FBC918 /* MertAKBAS_HW2 */ = {
			isa = PBXNativeTarget;
			buildConfigurationList = 41CC5F0C2A0CE04100FBC918 /* Build configuration list for PBXNativeTarget "MertAKBAS_HW2" */;
			buildPhases = (
				41CC5EF12A0CE04000FBC918 /* Sources */,
				41CC5EF22A0CE04000FBC918 /* Frameworks */,
				41CC5EF32A0CE04000FBC918 /* Resources */,
			);
			buildRules = (
			);
			dependencies = (
			);
			name = MertAKBAS_HW2;
			packageProductDependencies = (
				41CC5F112A0D05C400FBC918 /* MertAKBAS_HW2API */,
				412F2E842A0E7E2A00C052FB /* SDWebImage */,
			);
			productName = MertAKBAS_HW2;
			productReference = 41CC5EF52A0CE04000FBC918 /* MertAKBAS_HW2.app */;
			productType = "com.apple.product-type.application";
		};
/* End PBXNativeTarget section */

/* Begin PBXProject section */
		41CC5EED2A0CE04000FBC918 /* Project object */ = {
			isa = PBXProject;
			attributes = {
				BuildIndependentTargetsInParallel = 1;
				LastSwiftUpdateCheck = 1420;
				LastUpgradeCheck = 1420;
				TargetAttributes = {
					41CC5EF42A0CE04000FBC918 = {
						CreatedOnToolsVersion = 14.2;
					};
				};
			};
			buildConfigurationList = 41CC5EF02A0CE04000FBC918 /* Build configuration list for PBXProject "MertAKBAS_HW2" */;
			compatibilityVersion = "Xcode 14.0";
			developmentRegion = en;
			hasScannedForEncodings = 0;
			knownRegions = (
				en,
				Base,
			);
			mainGroup = 41CC5EEC2A0CE04000FBC918;
			packageReferences = (
				412F2E832A0E7E2A00C052FB /* XCRemoteSwiftPackageReference "SDWebImage" */,
			);
			productRefGroup = 41CC5EF62A0CE04000FBC918 /* Products */;
			projectDirPath = "";
			projectRoot = "";
			targets = (
				41CC5EF42A0CE04000FBC918 /* MertAKBAS_HW2 */,
			);
		};
/* End PBXProject section */

/* Begin PBXResourcesBuildPhase section */
		41CC5EF32A0CE04000FBC918 /* Resources */ = {
			isa = PBXResourcesBuildPhase;
			buildActionMask = 2147483647;
			files = (
				41CC5F082A0CE04100FBC918 /* LaunchScreen.storyboard in Resources */,
				41CC5F052A0CE04100FBC918 /* Assets.xcassets in Resources */,
				41CC5F452A0D953E00FBC918 /* NewsListCell.xib in Resources */,
				41CC5F002A0CE04000FBC918 /* Main.storyboard in Resources */,
			);
			runOnlyForDeploymentPostprocessing = 0;
		};
/* End PBXResourcesBuildPhase section */

/* Begin PBXSourcesBuildPhase section */
		41CC5EF12A0CE04000FBC918 /* Sources */ = {
			isa = PBXSourcesBuildPhase;
			buildActionMask = 2147483647;
			files = (
				412F2E882A0ECB8C00C052FB /* DetailViewController.swift in Sources */,
				41455D652A125C5E004C795D /* HeaderCollectionViewViewModel.swift in Sources */,
				41CC5F032A0CE04000FBC918 /* MertAKBAS_HW2.xcdatamodeld in Sources */,
				41CC5EFD2A0CE04000FBC918 /* ViewController.swift in Sources */,
				41455D632A125A65004C795D /* HeaderCollectionViewCell.swift in Sources */,
				41455D5F2A118E2D004C795D /* NewsViewController.swift in Sources */,
				41CC5F3C2A0D91D200FBC918 /* NewsViewModel.swift in Sources */,
				41455D612A119295004C795D /* DynamicNewsCollectionViewCell.swift in Sources */,
				41CC5F3E2A0D923400FBC918 /* LoadingShowable.swift in Sources */,
				41CC5F472A0D959700FBC918 /* CollectionView+Extension.swift in Sources */,
				41CC5EF92A0CE04000FBC918 /* AppDelegate.swift in Sources */,
				41CC5F412A0D92B100FBC918 /* LoadingView.swift in Sources */,
				41CC5F442A0D953E00FBC918 /* NewsListCell.swift in Sources */,
				41CC5F492A0D95C600FBC918 /* UICollectionViewCell+Extension.swift in Sources */,
				41CC5EFB2A0CE04000FBC918 /* SceneDelegate.swift in Sources */,
			);
			runOnlyForDeploymentPostprocessing = 0;
		};
/* End PBXSourcesBuildPhase section */

/* Begin PBXVariantGroup section */
		41CC5EFE2A0CE04000FBC918 /* Main.storyboard */ = {
			isa = PBXVariantGroup;
			children = (
				41CC5EFF2A0CE04000FBC918 /* Base */,
			);
			name = Main.storyboard;
			sourceTree = "<group>";
		};
		41CC5F062A0CE04100FBC918 /* LaunchScreen.storyboard */ = {
			isa = PBXVariantGroup;
			children = (
				41CC5F072A0CE04100FBC918 /* Base */,
			);
			name = LaunchScreen.storyboard;
			sourceTree = "<group>";
		};
/* End PBXVariantGroup section */

/* Begin XCBuildConfiguration section */
		41CC5F0A2A0CE04100FBC918 /* Debug */ = {
			isa = XCBuildConfiguration;
			buildSettings = {
				ALWAYS_SEARCH_USER_PATHS = NO;
				CLANG_ANALYZER_NONNULL = YES;
				CLANG_ANALYZER_NUMBER_OBJECT_CONVERSION = YES_AGGRESSIVE;
				CLANG_CXX_LANGUAGE_STANDARD = "gnu++20";
				CLANG_ENABLE_MODULES = YES;
				CLANG_ENABLE_OBJC_ARC = YES;
				CLANG_ENABLE_OBJC_WEAK = YES;
				CLANG_WARN_BLOCK_CAPTURE_AUTORELEASING = YES;
				CLANG_WARN_BOOL_CONVERSION = YES;
				CLANG_WARN_COMMA = YES;
				CLANG_WARN_CONSTANT_CONVERSION = YES;
				CLANG_WARN_DEPRECATED_OBJC_IMPLEMENTATIONS = YES;
				CLANG_WARN_DIRECT_OBJC_ISA_USAGE = YES_ERROR;
				CLANG_WARN_DOCUMENTATION_COMMENTS = YES;
				CLANG_WARN_EMPTY_BODY = YES;
				CLANG_WARN_ENUM_CONVERSION = YES;
				CLANG_WARN_INFINITE_RECURSION = YES;
				CLANG_WARN_INT_CONVERSION = YES;
				CLANG_WARN_NON_LITERAL_NULL_CONVERSION = YES;
				CLANG_WARN_OBJC_IMPLICIT_RETAIN_SELF = YES;
				CLANG_WARN_OBJC_LITERAL_CONVERSION = YES;
				CLANG_WARN_OBJC_ROOT_CLASS = YES_ERROR;
				CLANG_WARN_QUOTED_INCLUDE_IN_FRAMEWORK_HEADER = YES;
				CLANG_WARN_RANGE_LOOP_ANALYSIS = YES;
				CLANG_WARN_STRICT_PROTOTYPES = YES;
				CLANG_WARN_SUSPICIOUS_MOVE = YES;
				CLANG_WARN_UNGUARDED_AVAILABILITY = YES_AGGRESSIVE;
				CLANG_WARN_UNREACHABLE_CODE = YES;
				CLANG_WARN__DUPLICATE_METHOD_MATCH = YES;
				COPY_PHASE_STRIP = NO;
				DEBUG_INFORMATION_FORMAT = dwarf;
				ENABLE_STRICT_OBJC_MSGSEND = YES;
				ENABLE_TESTABILITY = YES;
				GCC_C_LANGUAGE_STANDARD = gnu11;
				GCC_DYNAMIC_NO_PIC = NO;
				GCC_NO_COMMON_BLOCKS = YES;
				GCC_OPTIMIZATION_LEVEL = 0;
				GCC_PREPROCESSOR_DEFINITIONS = (
					"DEBUG=1",
					"$(inherited)",
				);
				GCC_WARN_64_TO_32_BIT_CONVERSION = YES;
				GCC_WARN_ABOUT_RETURN_TYPE = YES_ERROR;
				GCC_WARN_UNDECLARED_SELECTOR = YES;
				GCC_WARN_UNINITIALIZED_AUTOS = YES_AGGRESSIVE;
				GCC_WARN_UNUSED_FUNCTION = YES;
				GCC_WARN_UNUSED_VARIABLE = YES;
				IPHONEOS_DEPLOYMENT_TARGET = 12.0;
				MTL_ENABLE_DEBUG_INFO = INCLUDE_SOURCE;
				MTL_FAST_MATH = YES;
				ONLY_ACTIVE_ARCH = YES;
				SDKROOT = iphoneos;
				SWIFT_ACTIVE_COMPILATION_CONDITIONS = DEBUG;
				SWIFT_OPTIMIZATION_LEVEL = "-Onone";
			};
			name = Debug;
		};
		41CC5F0B2A0CE04100FBC918 /* Release */ = {
			isa = XCBuildConfiguration;
			buildSettings = {
				ALWAYS_SEARCH_USER_PATHS = NO;
				CLANG_ANALYZER_NONNULL = YES;
				CLANG_ANALYZER_NUMBER_OBJECT_CONVERSION = YES_AGGRESSIVE;
				CLANG_CXX_LANGUAGE_STANDARD = "gnu++20";
				CLANG_ENABLE_MODULES = YES;
				CLANG_ENABLE_OBJC_ARC = YES;
				CLANG_ENABLE_OBJC_WEAK = YES;
				CLANG_WARN_BLOCK_CAPTURE_AUTORELEASING = YES;
				CLANG_WARN_BOOL_CONVERSION = YES;
				CLANG_WARN_COMMA = YES;
				CLANG_WARN_CONSTANT_CONVERSION = YES;
				CLANG_WARN_DEPRECATED_OBJC_IMPLEMENTATIONS = YES;
				CLANG_WARN_DIRECT_OBJC_ISA_USAGE = YES_ERROR;
				CLANG_WARN_DOCUMENTATION_COMMENTS = YES;
				CLANG_WARN_EMPTY_BODY = YES;
				CLANG_WARN_ENUM_CONVERSION = YES;
				CLANG_WARN_INFINITE_RECURSION = YES;
				CLANG_WARN_INT_CONVERSION = YES;
				CLANG_WARN_NON_LITERAL_NULL_CONVERSION = YES;
				CLANG_WARN_OBJC_IMPLICIT_RETAIN_SELF = YES;
				CLANG_WARN_OBJC_LITERAL_CONVERSION = YES;
				CLANG_WARN_OBJC_ROOT_CLASS = YES_ERROR;
				CLANG_WARN_QUOTED_INCLUDE_IN_FRAMEWORK_HEADER = YES;
				CLANG_WARN_RANGE_LOOP_ANALYSIS = YES;
				CLANG_WARN_STRICT_PROTOTYPES = YES;
				CLANG_WARN_SUSPICIOUS_MOVE = YES;
				CLANG_WARN_UNGUARDED_AVAILABILITY = YES_AGGRESSIVE;
				CLANG_WARN_UNREACHABLE_CODE = YES;
				CLANG_WARN__DUPLICATE_METHOD_MATCH = YES;
				COPY_PHASE_STRIP = NO;
				DEBUG_INFORMATION_FORMAT = "dwarf-with-dsym";
				ENABLE_NS_ASSERTIONS = NO;
				ENABLE_STRICT_OBJC_MSGSEND = YES;
				GCC_C_LANGUAGE_STANDARD = gnu11;
				GCC_NO_COMMON_BLOCKS = YES;
				GCC_WARN_64_TO_32_BIT_CONVERSION = YES;
				GCC_WARN_ABOUT_RETURN_TYPE = YES_ERROR;
				GCC_WARN_UNDECLARED_SELECTOR = YES;
				GCC_WARN_UNINITIALIZED_AUTOS = YES_AGGRESSIVE;
				GCC_WARN_UNUSED_FUNCTION = YES;
				GCC_WARN_UNUSED_VARIABLE = YES;
				IPHONEOS_DEPLOYMENT_TARGET = 12.0;
				MTL_ENABLE_DEBUG_INFO = NO;
				MTL_FAST_MATH = YES;
				SDKROOT = iphoneos;
				SWIFT_COMPILATION_MODE = wholemodule;
				SWIFT_OPTIMIZATION_LEVEL = "-O";
				VALIDATE_PRODUCT = YES;
			};
			name = Release;
		};
		41CC5F0D2A0CE04100FBC918 /* Debug */ = {
			isa = XCBuildConfiguration;
			buildSettings = {
				ASSETCATALOG_COMPILER_APPICON_NAME = AppIcon;
				ASSETCATALOG_COMPILER_GLOBAL_ACCENT_COLOR_NAME = AccentColor;
				CODE_SIGN_STYLE = Automatic;
				CURRENT_PROJECT_VERSION = 1;
				GENERATE_INFOPLIST_FILE = YES;
				INFOPLIST_FILE = MertAKBAS_HW2/Info.plist;
				INFOPLIST_KEY_UIApplicationSupportsIndirectInputEvents = YES;
				INFOPLIST_KEY_UILaunchStoryboardName = LaunchScreen;
				INFOPLIST_KEY_UIMainStoryboardFile = Main;
				INFOPLIST_KEY_UISupportedInterfaceOrientations_iPad = "UIInterfaceOrientationPortrait UIInterfaceOrientationPortraitUpsideDown UIInterfaceOrientationLandscapeLeft UIInterfaceOrientationLandscapeRight";
				INFOPLIST_KEY_UISupportedInterfaceOrientations_iPhone = "UIInterfaceOrientationPortrait UIInterfaceOrientationLandscapeLeft UIInterfaceOrientationLandscapeRight";
				LD_RUNPATH_SEARCH_PATHS = (
					"$(inherited)",
					"@executable_path/Frameworks",
				);
				MARKETING_VERSION = 1.0;
				PRODUCT_BUNDLE_IDENTIFIER = "com.akbas..MertAKBAS-HW2";
				PRODUCT_NAME = "$(TARGET_NAME)";
				SWIFT_EMIT_LOC_STRINGS = YES;
				SWIFT_VERSION = 5.0;
				TARGETED_DEVICE_FAMILY = "1,2";
			};
			name = Debug;
		};
		41CC5F0E2A0CE04100FBC918 /* Release */ = {
			isa = XCBuildConfiguration;
			buildSettings = {
				ASSETCATALOG_COMPILER_APPICON_NAME = AppIcon;
				ASSETCATALOG_COMPILER_GLOBAL_ACCENT_COLOR_NAME = AccentColor;
				CODE_SIGN_STYLE = Automatic;
				CURRENT_PROJECT_VERSION = 1;
				GENERATE_INFOPLIST_FILE = YES;
				INFOPLIST_FILE = MertAKBAS_HW2/Info.plist;
				INFOPLIST_KEY_UIApplicationSupportsIndirectInputEvents = YES;
				INFOPLIST_KEY_UILaunchStoryboardName = LaunchScreen;
				INFOPLIST_KEY_UIMainStoryboardFile = Main;
				INFOPLIST_KEY_UISupportedInterfaceOrientations_iPad = "UIInterfaceOrientationPortrait UIInterfaceOrientationPortraitUpsideDown UIInterfaceOrientationLandscapeLeft UIInterfaceOrientationLandscapeRight";
				INFOPLIST_KEY_UISupportedInterfaceOrientations_iPhone = "UIInterfaceOrientationPortrait UIInterfaceOrientationLandscapeLeft UIInterfaceOrientationLandscapeRight";
				LD_RUNPATH_SEARCH_PATHS = (
					"$(inherited)",
					"@executable_path/Frameworks",
				);
				MARKETING_VERSION = 1.0;
				PRODUCT_BUNDLE_IDENTIFIER = "com.akbas..MertAKBAS-HW2";
				PRODUCT_NAME = "$(TARGET_NAME)";
				SWIFT_EMIT_LOC_STRINGS = YES;
				SWIFT_VERSION = 5.0;
				TARGETED_DEVICE_FAMILY = "1,2";
			};
			name = Release;
		};
/* End XCBuildConfiguration section */

/* Begin XCConfigurationList section */
		41CC5EF02A0CE04000FBC918 /* Build configuration list for PBXProject "MertAKBAS_HW2" */ = {
			isa = XCConfigurationList;
			buildConfigurations = (
				41CC5F0A2A0CE04100FBC918 /* Debug */,
				41CC5F0B2A0CE04100FBC918 /* Release */,
			);
			defaultConfigurationIsVisible = 0;
			defaultConfigurationName = Release;
		};
		41CC5F0C2A0CE04100FBC918 /* Build configuration list for PBXNativeTarget "MertAKBAS_HW2" */ = {
			isa = XCConfigurationList;
			buildConfigurations = (
				41CC5F0D2A0CE04100FBC918 /* Debug */,
				41CC5F0E2A0CE04100FBC918 /* Release */,
			);
			defaultConfigurationIsVisible = 0;
			defaultConfigurationName = Release;
		};
/* End XCConfigurationList section */

/* Begin XCRemoteSwiftPackageReference section */
		412F2E832A0E7E2A00C052FB /* XCRemoteSwiftPackageReference "SDWebImage" */ = {
			isa = XCRemoteSwiftPackageReference;
			repositoryURL = "https://github.com/SDWebImage/SDWebImage";
			requirement = {
				kind = upToNextMajorVersion;
				minimumVersion = 5.0.0;
			};
		};
/* End XCRemoteSwiftPackageReference section */

/* Begin XCSwiftPackageProductDependency section */
		412F2E842A0E7E2A00C052FB /* SDWebImage */ = {
			isa = XCSwiftPackageProductDependency;
			package = 412F2E832A0E7E2A00C052FB /* XCRemoteSwiftPackageReference "SDWebImage" */;
			productName = SDWebImage;
		};
		41CC5F112A0D05C400FBC918 /* MertAKBAS_HW2API */ = {
			isa = XCSwiftPackageProductDependency;
			productName = MertAKBAS_HW2API;
		};
/* End XCSwiftPackageProductDependency section */

/* Begin XCVersionGroup section */
		41CC5F012A0CE04000FBC918 /* MertAKBAS_HW2.xcdatamodeld */ = {
			isa = XCVersionGroup;
			children = (
				41CC5F022A0CE04000FBC918 /* MertAKBAS_HW2.xcdatamodel */,
			);
			currentVersion = 41CC5F022A0CE04000FBC918 /* MertAKBAS_HW2.xcdatamodel */;
			path = MertAKBAS_HW2.xcdatamodeld;
			sourceTree = "<group>";
			versionGroupType = wrapper.xcdatamodel;
		};
/* End XCVersionGroup section */
	};
	rootObject = 41CC5EED2A0CE04000FBC918 /* Project object */;
}
